
Microsoft Visual Studio Solution File, Format Version 12.00
# Visual Studio 15
VisualStudioVersion = 15.0.28307.271
MinimumVisualStudioVersion = 10.0.40219.1
Project("{2150E333-8FDC-42A3-9474-1A3956D46DE8}") = "1.0 Presentation", "1.0 Presentation", "{C7859159-7EF9-48C0-AAD4-37DA82254FC0}"
EndProject
Project("{2150E333-8FDC-42A3-9474-1A3956D46DE8}") = "2.0 Application", "2.0 Application", "{CABF522B-31E6-4203-A90A-7D66D0FC5141}"
EndProject
Project("{2150E333-8FDC-42A3-9474-1A3956D46DE8}") = "3.0 Domain", "3.0 Domain", "{44DE9B2D-636E-4962-97F4-48FE1A2D0793}"
EndProject
Project("{2150E333-8FDC-42A3-9474-1A3956D46DE8}") = "4.0 Infrastructure", "4.0 Infrastructure", "{467B1645-42F6-4B3A-BAFA-D39BA22AFE50}"
EndProject
Project("{2150E333-8FDC-42A3-9474-1A3956D46DE8}") = "5.0 test", "5.0 test", "{5B76CC6E-BCBD-4BC6-A3A1-ED7840B2B6A8}"
EndProject
Project("{FAE04EC0-301F-11D3-BF4B-00C04F79EFBC}") = "DDD.Web", "DDD.Web\DDD.Web.csproj", "{89AE44C0-E57A-48ED-A294-FB894D5195E8}"
EndProject
Project("{FAE04EC0-301F-11D3-BF4B-00C04F79EFBC}") = "DDD.WebApi", "DDD.WebApi\DDD.WebApi.csproj", "{FC348B7E-E6C4-41B6-B0FC-A21A17EE1E1D}"
EndProject
Project("{FAE04EC0-301F-11D3-BF4B-00C04F79EFBC}") = "DDD.Application.Dtos", "DDD.Application.Dtos\DDD.Application.Dtos.csproj", "{F5D90C7C-FC62-4D94-A51B-76B764DF6EB7}"
EndProject
Project("{FAE04EC0-301F-11D3-BF4B-00C04F79EFBC}") = "DDD.Application.Interfaces", "DDD.Application.Interfaces\DDD.Application.Interfaces.csproj", "{D3CFA71E-E0E4-4AA6-87E9-17EDEA34A3A0}"
EndProject
Project("{FAE04EC0-301F-11D3-BF4B-00C04F79EFBC}") = "DDD.Application.Services", "DDD.Application.Services\DDD.Application.Services.csproj", "{12F3240F-830A-4808-A53D-EFD170BA4617}"
EndProject
Project("{FAE04EC0-301F-11D3-BF4B-00C04F79EFBC}") = "DDD.Domain", "DDD.Domain\DDD.Domain.csproj", "{E1EE5D95-FC5C-4C86-9F59-0AC4FF1B5B9B}"
EndProject
Project("{FAE04EC0-301F-11D3-BF4B-00C04F79EFBC}") = "DDD.Domain.DomainEvents", "DDD.Domain.DomainEvents\DDD.Domain.DomainEvents.csproj", "{3A953C69-6491-4636-81C0-3A2869AA2CC0}"
EndProject
Project("{FAE04EC0-301F-11D3-BF4B-00C04F79EFBC}") = "DDD.Domain.DomainServices", "DDD.Domain.DomainServices\DDD.Domain.DomainServices.csproj", "{C6D4B0EB-2AC6-4D12-8589-CD4162EDE365}"
EndProject
Project("{FAE04EC0-301F-11D3-BF4B-00C04F79EFBC}") = "DDD.Repository.Interfaces", "DDD.Repository.Interfaces\DDD.Repository.Interfaces.csproj", "{476A0B6D-A351-4D86-A166-CFDCE510F088}"
EndProject
Project("{FAE04EC0-301F-11D3-BF4B-00C04F79EFBC}") = "DDD.Domain.ValueObjects", "DDD.Domain.ValueObjects\DDD.Domain.ValueObjects.csproj", "{11F0B804-1F32-4A47-A12E-C0C96BAA4048}"
EndProject
Project("{FAE04EC0-301F-11D3-BF4B-00C04F79EFBC}") = "DDD.Infrastructure", "DDD.Infrastructure\DDD.Infrastructure.csproj", "{2CFCC825-3377-4499-8A53-99A20F6305AE}"
EndProject
Project("{FAE04EC0-301F-11D3-BF4B-00C04F79EFBC}") = "DDD.Infrastructure.IoC", "DDD.Infrastructure.Ioc\DDD.Infrastructure.IoC.csproj", "{96FF4755-9088-4E50-A338-9E0D8F42F88F}"
EndProject
Project("{FAE04EC0-301F-11D3-BF4B-00C04F79EFBC}") = "DDD.Infrastructure.Repository", "DDD.Infrastructure.Repository\DDD.Infrastructure.Repository.csproj", "{9066DAE5-5DBC-42EE-B471-00E291AF7FF6}"
EndProject
Project("{FAE04EC0-301F-11D3-BF4B-00C04F79EFBC}") = "DDD.ServiceAgent", "DDD.ServiceAgent\DDD.ServiceAgent.csproj", "{ADF475D6-6732-4BFE-BBA1-DE9EDBAB4F69}"
EndProject
Project("{FAE04EC0-301F-11D3-BF4B-00C04F79EFBC}") = "DDD.Infrastructure.Dtos", "DDD.Infrastructure.Dto\DDD.Infrastructure.Dtos.csproj", "{9F461C2D-76C9-4C20-88EE-A76D26F1B11C}"
EndProject
Project("{FAE04EC0-301F-11D3-BF4B-00C04F79EFBC}") = "DDD.Common", "DDD.Common\DDD.Common.csproj", "{70453A81-3E5E-4D2E-84B3-66B665653F37}"
EndProject
Global
	GlobalSection(SolutionConfigurationPlatforms) = preSolution
		Debug|Any CPU = Debug|Any CPU
		Release|Any CPU = Release|Any CPU
	EndGlobalSection
	GlobalSection(ProjectConfigurationPlatforms) = postSolution
		{89AE44C0-E57A-48ED-A294-FB894D5195E8}.Debug|Any CPU.ActiveCfg = Debug|Any CPU
		{89AE44C0-E57A-48ED-A294-FB894D5195E8}.Debug|Any CPU.Build.0 = Debug|Any CPU
		{89AE44C0-E57A-48ED-A294-FB894D5195E8}.Release|Any CPU.ActiveCfg = Release|Any CPU
		{89AE44C0-E57A-48ED-A294-FB894D5195E8}.Release|Any CPU.Build.0 = Release|Any CPU
		{FC348B7E-E6C4-41B6-B0FC-A21A17EE1E1D}.Debug|Any CPU.ActiveCfg = Debug|Any CPU
		{FC348B7E-E6C4-41B6-B0FC-A21A17EE1E1D}.Debug|Any CPU.Build.0 = Debug|Any CPU
		{FC348B7E-E6C4-41B6-B0FC-A21A17EE1E1D}.Release|Any CPU.ActiveCfg = Release|Any CPU
		{FC348B7E-E6C4-41B6-B0FC-A21A17EE1E1D}.Release|Any CPU.Build.0 = Release|Any CPU
		{F5D90C7C-FC62-4D94-A51B-76B764DF6EB7}.Debug|Any CPU.ActiveCfg = Debug|Any CPU
		{F5D90C7C-FC62-4D94-A51B-76B764DF6EB7}.Debug|Any CPU.Build.0 = Debug|Any CPU
		{F5D90C7C-FC62-4D94-A51B-76B764DF6EB7}.Release|Any CPU.ActiveCfg = Release|Any CPU
		{F5D90C7C-FC62-4D94-A51B-76B764DF6EB7}.Release|Any CPU.Build.0 = Release|Any CPU
		{D3CFA71E-E0E4-4AA6-87E9-17EDEA34A3A0}.Debug|Any CPU.ActiveCfg = Debug|Any CPU
		{D3CFA71E-E0E4-4AA6-87E9-17EDEA34A3A0}.Debug|Any CPU.Build.0 = Debug|Any CPU
		{D3CFA71E-E0E4-4AA6-87E9-17EDEA34A3A0}.Release|Any CPU.ActiveCfg = Release|Any CPU
		{D3CFA71E-E0E4-4AA6-87E9-17EDEA34A3A0}.Release|Any CPU.Build.0 = Release|Any CPU
		{12F3240F-830A-4808-A53D-EFD170BA4617}.Debug|Any CPU.ActiveCfg = Debug|Any CPU
		{12F3240F-830A-4808-A53D-EFD170BA4617}.Debug|Any CPU.Build.0 = Debug|Any CPU
		{12F3240F-830A-4808-A53D-EFD170BA4617}.Release|Any CPU.ActiveCfg = Release|Any CPU
		{12F3240F-830A-4808-A53D-EFD170BA4617}.Release|Any CPU.Build.0 = Release|Any CPU
		{E1EE5D95-FC5C-4C86-9F59-0AC4FF1B5B9B}.Debug|Any CPU.ActiveCfg = Debug|Any CPU
		{E1EE5D95-FC5C-4C86-9F59-0AC4FF1B5B9B}.Debug|Any CPU.Build.0 = Debug|Any CPU
		{E1EE5D95-FC5C-4C86-9F59-0AC4FF1B5B9B}.Release|Any CPU.ActiveCfg = Release|Any CPU
		{E1EE5D95-FC5C-4C86-9F59-0AC4FF1B5B9B}.Release|Any CPU.Build.0 = Release|Any CPU
		{3A953C69-6491-4636-81C0-3A2869AA2CC0}.Debug|Any CPU.ActiveCfg = Debug|Any CPU
		{3A953C69-6491-4636-81C0-3A2869AA2CC0}.Debug|Any CPU.Build.0 = Debug|Any CPU
		{3A953C69-6491-4636-81C0-3A2869AA2CC0}.Release|Any CPU.ActiveCfg = Release|Any CPU
		{3A953C69-6491-4636-81C0-3A2869AA2CC0}.Release|Any CPU.Build.0 = Release|Any CPU
		{C6D4B0EB-2AC6-4D12-8589-CD4162EDE365}.Debug|Any CPU.ActiveCfg = Debug|Any CPU
		{C6D4B0EB-2AC6-4D12-8589-CD4162EDE365}.Debug|Any CPU.Build.0 = Debug|Any CPU
		{C6D4B0EB-2AC6-4D12-8589-CD4162EDE365}.Release|Any CPU.ActiveCfg = Release|Any CPU
		{C6D4B0EB-2AC6-4D12-8589-CD4162EDE365}.Release|Any CPU.Build.0 = Release|Any CPU
		{476A0B6D-A351-4D86-A166-CFDCE510F088}.Debug|Any CPU.ActiveCfg = Debug|Any CPU
		{476A0B6D-A351-4D86-A166-CFDCE510F088}.Debug|Any CPU.Build.0 = Debug|Any CPU
		{476A0B6D-A351-4D86-A166-CFDCE510F088}.Release|Any CPU.ActiveCfg = Release|Any CPU
		{476A0B6D-A351-4D86-A166-CFDCE510F088}.Release|Any CPU.Build.0 = Release|Any CPU
		{11F0B804-1F32-4A47-A12E-C0C96BAA4048}.Debug|Any CPU.ActiveCfg = Debug|Any CPU
		{11F0B804-1F32-4A47-A12E-C0C96BAA4048}.Debug|Any CPU.Build.0 = Debug|Any CPU
		{11F0B804-1F32-4A47-A12E-C0C96BAA4048}.Release|Any CPU.ActiveCfg = Release|Any CPU
		{11F0B804-1F32-4A47-A12E-C0C96BAA4048}.Release|Any CPU.Build.0 = Release|Any CPU
		{2CFCC825-3377-4499-8A53-99A20F6305AE}.Debug|Any CPU.ActiveCfg = Debug|Any CPU
		{2CFCC825-3377-4499-8A53-99A20F6305AE}.Debug|Any CPU.Build.0 = Debug|Any CPU
		{2CFCC825-3377-4499-8A53-99A20F6305AE}.Release|Any CPU.ActiveCfg = Release|Any CPU
		{2CFCC825-3377-4499-8A53-99A20F6305AE}.Release|Any CPU.Build.0 = Release|Any CPU
		{96FF4755-9088-4E50-A338-9E0D8F42F88F}.Debug|Any CPU.ActiveCfg = Debug|Any CPU
		{96FF4755-9088-4E50-A338-9E0D8F42F88F}.Debug|Any CPU.Build.0 = Debug|Any CPU
		{96FF4755-9088-4E50-A338-9E0D8F42F88F}.Release|Any CPU.ActiveCfg = Release|Any CPU
		{96FF4755-9088-4E50-A338-9E0D8F42F88F}.Release|Any CPU.Build.0 = Release|Any CPU
		{9066DAE5-5DBC-42EE-B471-00E291AF7FF6}.Debug|Any CPU.ActiveCfg = Debug|Any CPU
		{9066DAE5-5DBC-42EE-B471-00E291AF7FF6}.Debug|Any CPU.Build.0 = Debug|Any CPU
		{9066DAE5-5DBC-42EE-B471-00E291AF7FF6}.Release|Any CPU.ActiveCfg = Release|Any CPU
		{9066DAE5-5DBC-42EE-B471-00E291AF7FF6}.Release|Any CPU.Build.0 = Release|Any CPU
		{ADF475D6-6732-4BFE-BBA1-DE9EDBAB4F69}.Debug|Any CPU.ActiveCfg = Debug|Any CPU
		{ADF475D6-6732-4BFE-BBA1-DE9EDBAB4F69}.Debug|Any CPU.Build.0 = Debug|Any CPU
		{ADF475D6-6732-4BFE-BBA1-DE9EDBAB4F69}.Release|Any CPU.ActiveCfg = Release|Any CPU
		{ADF475D6-6732-4BFE-BBA1-DE9EDBAB4F69}.Release|Any CPU.Build.0 = Release|Any CPU
		{9F461C2D-76C9-4C20-88EE-A76D26F1B11C}.Debug|Any CPU.ActiveCfg = Debug|Any CPU
		{9F461C2D-76C9-4C20-88EE-A76D26F1B11C}.Debug|Any CPU.Build.0 = Debug|Any CPU
		{9F461C2D-76C9-4C20-88EE-A76D26F1B11C}.Release|Any CPU.ActiveCfg = Release|Any CPU
		{9F461C2D-76C9-4C20-88EE-A76D26F1B11C}.Release|Any CPU.Build.0 = Release|Any CPU
		{70453A81-3E5E-4D2E-84B3-66B665653F37}.Debug|Any CPU.ActiveCfg = Debug|Any CPU
		{70453A81-3E5E-4D2E-84B3-66B665653F37}.Debug|Any CPU.Build.0 = Debug|Any CPU
		{70453A81-3E5E-4D2E-84B3-66B665653F37}.Release|Any CPU.ActiveCfg = Release|Any CPU
		{70453A81-3E5E-4D2E-84B3-66B665653F37}.Release|Any CPU.Build.0 = Release|Any CPU
	EndGlobalSection
	GlobalSection(SolutionProperties) = preSolution
		HideSolutionNode = FALSE
	EndGlobalSection
	GlobalSection(NestedProjects) = preSolution
		{89AE44C0-E57A-48ED-A294-FB894D5195E8} = {C7859159-7EF9-48C0-AAD4-37DA82254FC0}
		{FC348B7E-E6C4-41B6-B0FC-A21A17EE1E1D} = {C7859159-7EF9-48C0-AAD4-37DA82254FC0}
		{F5D90C7C-FC62-4D94-A51B-76B764DF6EB7} = {CABF522B-31E6-4203-A90A-7D66D0FC5141}
		{D3CFA71E-E0E4-4AA6-87E9-17EDEA34A3A0} = {CABF522B-31E6-4203-A90A-7D66D0FC5141}
		{12F3240F-830A-4808-A53D-EFD170BA4617} = {CABF522B-31E6-4203-A90A-7D66D0FC5141}
		{E1EE5D95-FC5C-4C86-9F59-0AC4FF1B5B9B} = {44DE9B2D-636E-4962-97F4-48FE1A2D0793}
		{3A953C69-6491-4636-81C0-3A2869AA2CC0} = {44DE9B2D-636E-4962-97F4-48FE1A2D0793}
		{C6D4B0EB-2AC6-4D12-8589-CD4162EDE365} = {44DE9B2D-636E-4962-97F4-48FE1A2D0793}
		{476A0B6D-A351-4D86-A166-CFDCE510F088} = {44DE9B2D-636E-4962-97F4-48FE1A2D0793}
		{11F0B804-1F32-4A47-A12E-C0C96BAA4048} = {44DE9B2D-636E-4962-97F4-48FE1A2D0793}
		{2CFCC825-3377-4499-8A53-99A20F6305AE} = {467B1645-42F6-4B3A-BAFA-D39BA22AFE50}
		{96FF4755-9088-4E50-A338-9E0D8F42F88F} = {467B1645-42F6-4B3A-BAFA-D39BA22AFE50}
		{9066DAE5-5DBC-42EE-B471-00E291AF7FF6} = {467B1645-42F6-4B3A-BAFA-D39BA22AFE50}
		{ADF475D6-6732-4BFE-BBA1-DE9EDBAB4F69} = {467B1645-42F6-4B3A-BAFA-D39BA22AFE50}
		{9F461C2D-76C9-4C20-88EE-A76D26F1B11C} = {467B1645-42F6-4B3A-BAFA-D39BA22AFE50}
		{70453A81-3E5E-4D2E-84B3-66B665653F37} = {467B1645-42F6-4B3A-BAFA-D39BA22AFE50}
	EndGlobalSection
	GlobalSection(ExtensibilityGlobals) = postSolution
		SolutionGuid = {AEAE5DC6-764E-4C6E-A768-ABFEA6D688AA}
	EndGlobalSection
EndGlobal
